
Microsoft Visual Studio Solution File, Format Version 12.00
# Visual Studio Version 17
VisualStudioVersion = 17.9.34607.119
MinimumVisualStudioVersion = 10.0.40219.1
Project("{FAE04EC0-301F-11D3-BF4B-00C04F79EFBC}") = "Finals", "Finals\Finals.csproj", "{F77D99EB-CD75-4A63-BBFE-E791DC04455C}"
EndProject
Global
	GlobalSection(SolutionConfigurationPlatforms) = preSolution
		Debug|Any CPU = Debug|Any CPU
		Release|Any CPU = Release|Any CPU
	EndGlobalSection
	GlobalSection(ProjectConfigurationPlatforms) = postSolution
		{F77D99EB-CD75-4A63-BBFE-E791DC04455C}.Debug|Any CPU.ActiveCfg = Debug|Any CPU
		{F77D99EB-CD75-4A63-BBFE-E791DC04455C}.Debug|Any CPU.Build.0 = Debug|Any CPU
		{F77D99EB-CD75-4A63-BBFE-E791DC04455C}.Release|Any CPU.ActiveCfg = Release|Any CPU
		{F77D99EB-CD75-4A63-BBFE-E791DC04455C}.Release|Any CPU.Build.0 = Release|Any CPU
	EndGlobalSection
	GlobalSection(SolutionProperties) = preSolution
		HideSolutionNode = FALSE
	EndGlobalSection
	GlobalSection(ExtensibilityGlobals) = postSolution
		SolutionGuid = {9707DC62-DDF5-4319-8F15-1E39D59B593D}
	EndGlobalSection
EndGlobal
